
Microsoft Visual Studio Solution File, Format Version 12.00
# Visual Studio 15
VisualStudioVersion = 15.0.28010.2036
MinimumVisualStudioVersion = 10.0.40219.1
Project("{FAE04EC0-301F-11D3-BF4B-00C04F79EFBC}") = "Ch19-P10.1-DataParallelismUsingLoops", "Ch19-P10.1-DataParallelismUsingLoops\Ch19-P10.1-DataParallelismUsingLoops.csproj", "{56EE5660-1F2E-4413-A854-5262E32FDEBC}"
EndProject
Global
	GlobalSection(SolutionConfigurationPlatforms) = preSolution
		Debug|Any CPU = Debug|Any CPU
		Release|Any CPU = Release|Any CPU
	EndGlobalSection
	GlobalSection(ProjectConfigurationPlatforms) = postSolution
		{56EE5660-1F2E-4413-A854-5262E32FDEBC}.Debug|Any CPU.ActiveCfg = Debug|Any CPU
		{56EE5660-1F2E-4413-A854-5262E32FDEBC}.Debug|Any CPU.Build.0 = Debug|Any CPU
		{56EE5660-1F2E-4413-A854-5262E32FDEBC}.Release|Any CPU.ActiveCfg = Release|Any CPU
		{56EE5660-1F2E-4413-A854-5262E32FDEBC}.Release|Any CPU.Build.0 = Release|Any CPU
	EndGlobalSection
	GlobalSection(SolutionProperties) = preSolution
		HideSolutionNode = FALSE
	EndGlobalSection
	GlobalSection(ExtensibilityGlobals) = postSolution
		SolutionGuid = {C79CC4AC-1BB6-42A1-9C41-41DF890B850D}
	EndGlobalSection
EndGlobal
